
Microsoft Visual Studio Solution File, Format Version 12.00
# Visual Studio Version 17
VisualStudioVersion = 17.2.32526.322
MinimumVisualStudioVersion = 10.0.40219.1
Project("{FAE04EC0-301F-11D3-BF4B-00C04F79EFBC}") = "App2", "App2\App2.csproj", "{EA5CF994-8FD9-4D04-B775-DD83AF9E75A8}"
EndProject
Global
	GlobalSection(SolutionConfigurationPlatforms) = preSolution
		Debug|Any CPU = Debug|Any CPU
		Release|Any CPU = Release|Any CPU
	EndGlobalSection
	GlobalSection(ProjectConfigurationPlatforms) = postSolution
		{EA5CF994-8FD9-4D04-B775-DD83AF9E75A8}.Debug|Any CPU.ActiveCfg = Debug|Any CPU
		{EA5CF994-8FD9-4D04-B775-DD83AF9E75A8}.Debug|Any CPU.Build.0 = Debug|Any CPU
		{EA5CF994-8FD9-4D04-B775-DD83AF9E75A8}.Release|Any CPU.ActiveCfg = Release|Any CPU
		{EA5CF994-8FD9-4D04-B775-DD83AF9E75A8}.Release|Any CPU.Build.0 = Release|Any CPU
	EndGlobalSection
	GlobalSection(SolutionProperties) = preSolution
		HideSolutionNode = FALSE
	EndGlobalSection
	GlobalSection(ExtensibilityGlobals) = postSolution
		SolutionGuid = {1665A659-4010-4C95-ACAB-AB313788CC91}
	EndGlobalSection
EndGlobal
